PODS:
  - RappleProgressHUD (2.2.2)

DEPENDENCIES:
  - RappleProgressHUD (from `../`)

EXTERNAL SOURCES:
  RappleProgressHUD:
    :path: "../"

SPEC CHECKSUMS:
  RappleProgressHUD: 3bd5cb7816bb623a3ab289ae429d401edc27ab40

PODFILE CHECKSUM: 6bdb2e72528bb439ec1fc91a27d54e65160f39b2

COCOAPODS: 1.1.1
