PODS:
  - RappleProgressHUD (2.4.1)

DEPENDENCIES:
  - RappleProgressHUD (from `../`)

EXTERNAL SOURCES:
  RappleProgressHUD:
    :path: "../"

SPEC CHECKSUMS:
  RappleProgressHUD: f9e0e82b8fe735a7e0d53239d8e7dc089acc818a

PODFILE CHECKSUM: 6bdb2e72528bb439ec1fc91a27d54e65160f39b2

COCOAPODS: 1.5.3
