PODS:
  - RappleProgressHUD (4.0.1)

DEPENDENCIES:
  - RappleProgressHUD (from `../`)

EXTERNAL SOURCES:
  RappleProgressHUD:
    :path: "../"

SPEC CHECKSUMS:
  RappleProgressHUD: 960ace553897c240d717e5dcc1f18848e99d1a0e

PODFILE CHECKSUM: 25617c652bd872a6f19f24f3e9d9778671b14e37

COCOAPODS: 1.8.1
